
Microsoft Visual Studio Solution File, Format Version 12.00
# Visual Studio Version 16
VisualStudioVersion = 16.0.30907.101
MinimumVisualStudioVersion = 10.0.40219.1
Project("{FAE04EC0-301F-11D3-BF4B-00C04F79EFBC}") = "Practical 4", "Practical 4.csproj", "{C08D068C-4FDE-41CA-9B82-2B3637E1BBAE}"
EndProject
Global
	GlobalSection(SolutionConfigurationPlatforms) = preSolution
		Debug|Any CPU = Debug|Any CPU
		Release|Any CPU = Release|Any CPU
	EndGlobalSection
	GlobalSection(ProjectConfigurationPlatforms) = postSolution
		{C08D068C-4FDE-41CA-9B82-2B3637E1BBAE}.Debug|Any CPU.ActiveCfg = Debug|Any CPU
		{C08D068C-4FDE-41CA-9B82-2B3637E1BBAE}.Debug|Any CPU.Build.0 = Debug|Any CPU
		{C08D068C-4FDE-41CA-9B82-2B3637E1BBAE}.Release|Any CPU.ActiveCfg = Release|Any CPU
		{C08D068C-4FDE-41CA-9B82-2B3637E1BBAE}.Release|Any CPU.Build.0 = Release|Any CPU
	EndGlobalSection
	GlobalSection(SolutionProperties) = preSolution
		HideSolutionNode = FALSE
	EndGlobalSection
	GlobalSection(ExtensibilityGlobals) = postSolution
		SolutionGuid = {0EE7AD35-A654-4982-A085-F20EB861A1AB}
	EndGlobalSection
EndGlobal
